
Microsoft Visual Studio Solution File, Format Version 12.00
# Visual Studio 15
Project("{FAE04EC0-301F-11D3-BF4B-00C04F79EFBC}") = "2D Outline Kit (with GameObjects)", "Assembly-CSharp.csproj", "{FA849E67-CA86-CD12-0779-1EDD5B09B7DE}"
EndProject
Project("{FAE04EC0-301F-11D3-BF4B-00C04F79EFBC}") = "2D Outline Kit (with GameObjects)", "Assembly-CSharp-Editor.csproj", "{2BCAF647-F19F-0DDE-42C4-26C586858BA2}"
EndProject
Global
	GlobalSection(SolutionConfigurationPlatforms) = preSolution
		Debug|Any CPU = Debug|Any CPU
		Release|Any CPU = Release|Any CPU
	EndGlobalSection
	GlobalSection(ProjectConfigurationPlatforms) = postSolution
		{FA849E67-CA86-CD12-0779-1EDD5B09B7DE}.Debug|Any CPU.ActiveCfg = Debug|Any CPU
		{FA849E67-CA86-CD12-0779-1EDD5B09B7DE}.Debug|Any CPU.Build.0 = Debug|Any CPU
		{FA849E67-CA86-CD12-0779-1EDD5B09B7DE}.Release|Any CPU.ActiveCfg = Release|Any CPU
		{FA849E67-CA86-CD12-0779-1EDD5B09B7DE}.Release|Any CPU.Build.0 = Release|Any CPU
		{2BCAF647-F19F-0DDE-42C4-26C586858BA2}.Debug|Any CPU.ActiveCfg = Debug|Any CPU
		{2BCAF647-F19F-0DDE-42C4-26C586858BA2}.Debug|Any CPU.Build.0 = Debug|Any CPU
		{2BCAF647-F19F-0DDE-42C4-26C586858BA2}.Release|Any CPU.ActiveCfg = Release|Any CPU
		{2BCAF647-F19F-0DDE-42C4-26C586858BA2}.Release|Any CPU.Build.0 = Release|Any CPU
	EndGlobalSection
	GlobalSection(SolutionProperties) = preSolution
		HideSolutionNode = FALSE
	EndGlobalSection
EndGlobal
