
Microsoft Visual Studio Solution File, Format Version 12.00
# Visual Studio 2015
Project("{FAE04EC0-301F-11D3-BF4B-00C04F79EFBC}") = "2D Outline Kit (with GameObjects).CSharp", "2D Outline Kit (with GameObjects).CSharp.csproj", "{405D3B80-F4E9-F91D-8A6E-B837DE7FBE70}"
EndProject
Project("{FAE04EC0-301F-11D3-BF4B-00C04F79EFBC}") = "2D Outline Kit (with GameObjects).CSharp.Editor", "2D Outline Kit (with GameObjects).CSharp.Editor.csproj", "{2F025E30-0172-F78D-CD95-B2D2BE3AD6D4}"
EndProject
Global
	GlobalSection(SolutionConfigurationPlatforms) = preSolution
		Debug|Any CPU = Debug|Any CPU
		Release|Any CPU = Release|Any CPU
	EndGlobalSection
	GlobalSection(ProjectConfigurationPlatforms) = postSolution
		{405D3B80-F4E9-F91D-8A6E-B837DE7FBE70}.Debug|Any CPU.ActiveCfg = Debug|Any CPU
		{405D3B80-F4E9-F91D-8A6E-B837DE7FBE70}.Debug|Any CPU.Build.0 = Debug|Any CPU
		{405D3B80-F4E9-F91D-8A6E-B837DE7FBE70}.Release|Any CPU.ActiveCfg = Release|Any CPU
		{405D3B80-F4E9-F91D-8A6E-B837DE7FBE70}.Release|Any CPU.Build.0 = Release|Any CPU
		{2F025E30-0172-F78D-CD95-B2D2BE3AD6D4}.Debug|Any CPU.ActiveCfg = Debug|Any CPU
		{2F025E30-0172-F78D-CD95-B2D2BE3AD6D4}.Debug|Any CPU.Build.0 = Debug|Any CPU
		{2F025E30-0172-F78D-CD95-B2D2BE3AD6D4}.Release|Any CPU.ActiveCfg = Release|Any CPU
		{2F025E30-0172-F78D-CD95-B2D2BE3AD6D4}.Release|Any CPU.Build.0 = Release|Any CPU
	EndGlobalSection
	GlobalSection(SolutionProperties) = preSolution
		HideSolutionNode = FALSE
	EndGlobalSection
EndGlobal
